{
  "name": "app",
  "version": "0.2.4",
  "lockfileVersion": 1,
  "requires": true,
  "dependencies": {
    "neverthrow": {
      "version": "2.7.0",
      "resolved": "https://registry.npmjs.org/neverthrow/-/neverthrow-2.7.0.tgz",
      "integrity": "sha512-X+PCmm0JTtWPNdXXNKABUOz0uvSF0cmuC3RR03yZ7d5SGUXjKBur1qNznSypqLBxPRnlgJ8GqOAY5cguI5NgvA=="
    },
    "prettier": {
      "version": "2.0.5",
      "resolved": "https://registry.npmjs.org/prettier/-/prettier-2.0.5.tgz",
      "integrity": "sha512-7PtVymN48hGcO4fGjybyBSIWDsLU4H4XlvOHfq91pz9kkGlonzwTfYkaIEwiRg/dAJF9YlbsduBAgtYLi+8cFg==",
      "dev": true
    }
  }
}
