{
  "name": "app",
  "version": "0.2.4",
  "lockfileVersion": 1,
  "requires": true,
  "dependencies": {
    "esbuild": {
      "version": "0.5.26",
      "resolved": "https://registry.npmjs.org/esbuild/-/esbuild-0.5.26.tgz",
      "integrity": "sha512-OopLmIbQNOWBWMBoOtHjDEaIiTI2okEpRkbiKccfatnXJtsGazwWhR0dmvY8ynjLx/BOPS9mQ6QFl7J1BQCcaQ==",
      "dev": true
    },
    "neverthrow": {
      "version": "2.7.0",
      "resolved": "https://registry.npmjs.org/neverthrow/-/neverthrow-2.7.0.tgz",
      "integrity": "sha512-X+PCmm0JTtWPNdXXNKABUOz0uvSF0cmuC3RR03yZ7d5SGUXjKBur1qNznSypqLBxPRnlgJ8GqOAY5cguI5NgvA=="
    },
    "prettier": {
      "version": "2.0.5",
      "resolved": "https://registry.npmjs.org/prettier/-/prettier-2.0.5.tgz",
      "integrity": "sha512-7PtVymN48hGcO4fGjybyBSIWDsLU4H4XlvOHfq91pz9kkGlonzwTfYkaIEwiRg/dAJF9YlbsduBAgtYLi+8cFg==",
      "dev": true
    },
    "react-accessible-dropdown-menu-hook": {
      "version": "2.1.0",
      "resolved": "https://registry.npmjs.org/react-accessible-dropdown-menu-hook/-/react-accessible-dropdown-menu-hook-2.1.0.tgz",
      "integrity": "sha512-yYfQLeb01pOXIDmo6oggRSJErLn0xKBpxru2BSJWmpssNuKipbHX746QoF/Og8OB8GW9ls76C2DihmGDwYE5Wg=="
    },
    "uvu": {
      "version": "0.2.3",
      "resolved": "https://registry.npmjs.org/uvu/-/uvu-0.2.3.tgz",
      "integrity": "sha512-cz4a54PlsOQVRLJCYztAiZU7OWRJedyCVQ1kRIeeey5Sibh+DLyN3lVh2dtOJcCrV5dfJIWTWwecvjGqwdqCtA==",
      "dev": true,
      "requires": {
        "dequal": "^1.0.0",
        "diff": "^4.0.2",
        "kleur": "^4.0.0",
        "sade": "^1.7.3",
        "totalist": "^1.1.0"
      },
      "dependencies": {
        "dequal": {
          "version": "1.0.1",
          "resolved": "https://registry.npmjs.org/dequal/-/dequal-1.0.1.tgz",
          "integrity": "sha512-Fx8jxibzkJX2aJgyfSdLhr9tlRoTnHKrRJuu2XHlAgKioN2j19/Bcbe0d4mFXYZ3+wpE2KVobUVTfDutcD17xQ==",
          "dev": true
        },
        "diff": {
          "version": "4.0.2",
          "resolved": "https://registry.npmjs.org/diff/-/diff-4.0.2.tgz",
          "integrity": "sha512-58lmxKSA4BNyLz+HHMUzlOEpg09FV+ev6ZMe3vJihgdxzgcwZ8VoEEPmALCZG9LmqfVoNMMKpttIYTVG6uDY7A==",
          "dev": true
        },
        "kleur": {
          "version": "4.0.2",
          "resolved": "https://registry.npmjs.org/kleur/-/kleur-4.0.2.tgz",
          "integrity": "sha512-FGCCxczbrZuF5CtMeO0xfnjhzkVZSXfcWK90IPLucDWZwskrpYN7pmRIgvd8muU0mrPrzy4A2RBGuwCjLHI+nw==",
          "dev": true
        },
        "mri": {
          "version": "1.1.6",
          "resolved": "https://registry.npmjs.org/mri/-/mri-1.1.6.tgz",
          "integrity": "sha512-oi1b3MfbyGa7FJMP9GmLTttni5JoICpYBRlq+x5V16fZbLsnL9N3wFqqIm/nIG43FjUFkFh9Epzp/kzUGUnJxQ==",
          "dev": true
        },
        "sade": {
          "version": "1.7.3",
          "resolved": "https://registry.npmjs.org/sade/-/sade-1.7.3.tgz",
          "integrity": "sha512-m4BctppMvJ60W1dXnHq7jMmFe3hPJZDAH85kQ3ACTo7XZNVUuTItCQ+2HfyaMeV5cKrbw7l4vD/6We3GBxvdJw==",
          "dev": true,
          "requires": {
            "mri": "^1.1.0"
          }
        },
        "totalist": {
          "version": "1.1.0",
          "resolved": "https://registry.npmjs.org/totalist/-/totalist-1.1.0.tgz",
          "integrity": "sha512-gduQwd1rOdDMGxFG1gEvhV88Oirdo2p+KjoYFU7k2g+i7n6AFFbDQ5kMPUsW0pNbfQsB/cwXvT1i4Bue0s9g5g==",
          "dev": true
        }
      }
    }
  }
}
